
Microsoft Visual Studio Solution File, Format Version 12.00
# Visual Studio Version 17
VisualStudioVersion = 17.3.32825.248
MinimumVisualStudioVersion = 10.0.40219.1
Project("{FAE04EC0-301F-11D3-BF4B-00C04F79EFBC}") = "Plan.Entities", "Plan.Entities\Plan.Entities.csproj", "{FC344773-638E-48C8-BEB4-69A4648B065B}"
EndProject
Project("{FAE04EC0-301F-11D3-BF4B-00C04F79EFBC}") = "Timings", "Timings\Timings.csproj", "{54A8FF91-D275-4D1B-BEA5-06580BDCF74E}"
EndProject
Project("{FAE04EC0-301F-11D3-BF4B-00C04F79EFBC}") = "Plans.DataAcessLayer", "Plans.DataAcessLayer\Plans.DataAcessLayer.csproj", "{D74DEF03-84A0-494F-94A2-4DB88AA2564C}"
EndProject
Project("{FAE04EC0-301F-11D3-BF4B-00C04F79EFBC}") = "Plans.Business", "Plans.Business\Plans.Business.csproj", "{B310149E-392A-47A7-9124-8EA39D35031F}"
EndProject
Project("{FAE04EC0-301F-11D3-BF4B-00C04F79EFBC}") = "Plans.API", "Plans.API\Plans.API.csproj", "{5BE903CC-3DA8-4B18-8055-0EB40664F479}"
EndProject
Global
	GlobalSection(SolutionConfigurationPlatforms) = preSolution
		Debug|Any CPU = Debug|Any CPU
		Release|Any CPU = Release|Any CPU
	EndGlobalSection
	GlobalSection(ProjectConfigurationPlatforms) = postSolution
		{FC344773-638E-48C8-BEB4-69A4648B065B}.Debug|Any CPU.ActiveCfg = Debug|Any CPU
		{FC344773-638E-48C8-BEB4-69A4648B065B}.Debug|Any CPU.Build.0 = Debug|Any CPU
		{FC344773-638E-48C8-BEB4-69A4648B065B}.Release|Any CPU.ActiveCfg = Release|Any CPU
		{FC344773-638E-48C8-BEB4-69A4648B065B}.Release|Any CPU.Build.0 = Release|Any CPU
		{54A8FF91-D275-4D1B-BEA5-06580BDCF74E}.Debug|Any CPU.ActiveCfg = Debug|Any CPU
		{54A8FF91-D275-4D1B-BEA5-06580BDCF74E}.Debug|Any CPU.Build.0 = Debug|Any CPU
		{54A8FF91-D275-4D1B-BEA5-06580BDCF74E}.Release|Any CPU.ActiveCfg = Release|Any CPU
		{54A8FF91-D275-4D1B-BEA5-06580BDCF74E}.Release|Any CPU.Build.0 = Release|Any CPU
		{D74DEF03-84A0-494F-94A2-4DB88AA2564C}.Debug|Any CPU.ActiveCfg = Debug|Any CPU
		{D74DEF03-84A0-494F-94A2-4DB88AA2564C}.Debug|Any CPU.Build.0 = Debug|Any CPU
		{D74DEF03-84A0-494F-94A2-4DB88AA2564C}.Release|Any CPU.ActiveCfg = Release|Any CPU
		{D74DEF03-84A0-494F-94A2-4DB88AA2564C}.Release|Any CPU.Build.0 = Release|Any CPU
		{B310149E-392A-47A7-9124-8EA39D35031F}.Debug|Any CPU.ActiveCfg = Debug|Any CPU
		{B310149E-392A-47A7-9124-8EA39D35031F}.Debug|Any CPU.Build.0 = Debug|Any CPU
		{B310149E-392A-47A7-9124-8EA39D35031F}.Release|Any CPU.ActiveCfg = Release|Any CPU
		{B310149E-392A-47A7-9124-8EA39D35031F}.Release|Any CPU.Build.0 = Release|Any CPU
		{5BE903CC-3DA8-4B18-8055-0EB40664F479}.Debug|Any CPU.ActiveCfg = Debug|Any CPU
		{5BE903CC-3DA8-4B18-8055-0EB40664F479}.Debug|Any CPU.Build.0 = Debug|Any CPU
		{5BE903CC-3DA8-4B18-8055-0EB40664F479}.Release|Any CPU.ActiveCfg = Release|Any CPU
		{5BE903CC-3DA8-4B18-8055-0EB40664F479}.Release|Any CPU.Build.0 = Release|Any CPU
	EndGlobalSection
	GlobalSection(SolutionProperties) = preSolution
		HideSolutionNode = FALSE
	EndGlobalSection
	GlobalSection(ExtensibilityGlobals) = postSolution
		SolutionGuid = {CB73801C-DCB6-4290-98BE-235C19DD2372}
	EndGlobalSection
EndGlobal
